
Microsoft Visual Studio Solution File, Format Version 12.00
# Visual Studio 15
VisualStudioVersion = 15.0.26730.15
MinimumVisualStudioVersion = 10.0.40219.1
Project("{8BC9CEB8-8B4A-11D0-8D11-00A0C91BC942}") = "10-2baitapC", "10-2baitapC.vcxproj", "{64CDDC7F-2194-4E4D-9006-74AF1C86683D}"
EndProject
Project("{8BC9CEB8-8B4A-11D0-8D11-00A0C91BC942}") = "Project5", "..\Project5\Project5.vcxproj", "{95FC2729-5A3E-470A-AD7D-77E2F1F26CDA}"
EndProject
Global
	GlobalSection(SolutionConfigurationPlatforms) = preSolution
		Debug|x64 = Debug|x64
		Debug|x86 = Debug|x86
		Release|x64 = Release|x64
		Release|x86 = Release|x86
	EndGlobalSection
	GlobalSection(ProjectConfigurationPlatforms) = postSolution
		{64CDDC7F-2194-4E4D-9006-74AF1C86683D}.Debug|x64.ActiveCfg = Debug|x64
		{64CDDC7F-2194-4E4D-9006-74AF1C86683D}.Debug|x64.Build.0 = Debug|x64
		{64CDDC7F-2194-4E4D-9006-74AF1C86683D}.Debug|x86.ActiveCfg = Debug|Win32
		{64CDDC7F-2194-4E4D-9006-74AF1C86683D}.Debug|x86.Build.0 = Debug|Win32
		{64CDDC7F-2194-4E4D-9006-74AF1C86683D}.Release|x64.ActiveCfg = Release|x64
		{64CDDC7F-2194-4E4D-9006-74AF1C86683D}.Release|x64.Build.0 = Release|x64
		{64CDDC7F-2194-4E4D-9006-74AF1C86683D}.Release|x86.ActiveCfg = Release|Win32
		{64CDDC7F-2194-4E4D-9006-74AF1C86683D}.Release|x86.Build.0 = Release|Win32
		{95FC2729-5A3E-470A-AD7D-77E2F1F26CDA}.Debug|x64.ActiveCfg = Debug|x64
		{95FC2729-5A3E-470A-AD7D-77E2F1F26CDA}.Debug|x64.Build.0 = Debug|x64
		{95FC2729-5A3E-470A-AD7D-77E2F1F26CDA}.Debug|x86.ActiveCfg = Debug|Win32
		{95FC2729-5A3E-470A-AD7D-77E2F1F26CDA}.Debug|x86.Build.0 = Debug|Win32
		{95FC2729-5A3E-470A-AD7D-77E2F1F26CDA}.Release|x64.ActiveCfg = Release|x64
		{95FC2729-5A3E-470A-AD7D-77E2F1F26CDA}.Release|x64.Build.0 = Release|x64
		{95FC2729-5A3E-470A-AD7D-77E2F1F26CDA}.Release|x86.ActiveCfg = Release|Win32
		{95FC2729-5A3E-470A-AD7D-77E2F1F26CDA}.Release|x86.Build.0 = Release|Win32
	EndGlobalSection
	GlobalSection(SolutionProperties) = preSolution
		HideSolutionNode = FALSE
	EndGlobalSection
	GlobalSection(ExtensibilityGlobals) = postSolution
		SolutionGuid = {89CB2C6A-35F9-42CD-AA21-832AEDA0064D}
	EndGlobalSection
EndGlobal
